
Microsoft Visual Studio Solution File, Format Version 12.00
# Visual Studio Version 17
VisualStudioVersion = 17.13.35806.99
MinimumVisualStudioVersion = 10.0.40219.1
Project("{FAE04EC0-301F-11D3-BF4B-00C04F79EFBC}") = "M09T1PR2API_AlejandroMartin", "M09T1PR2API_AlejandroMartin\M09T1PR2API_AlejandroMartin.csproj", "{734EB4A8-E336-4EC5-9D90-B7104184A6C5}"
EndProject
Project("{FAE04EC0-301F-11D3-BF4B-00C04F79EFBC}") = "M09T1PR2Razor_AlejandroMartin", "M09T1PR2Razor_AlejandroMartin\M09T1PR2Razor_AlejandroMartin.csproj", "{A3803FBF-95D1-4594-954E-3A0551387179}"
EndProject
Global
	GlobalSection(SolutionConfigurationPlatforms) = preSolution
		Debug|Any CPU = Debug|Any CPU
		Release|Any CPU = Release|Any CPU
	EndGlobalSection
	GlobalSection(ProjectConfigurationPlatforms) = postSolution
		{734EB4A8-E336-4EC5-9D90-B7104184A6C5}.Debug|Any CPU.ActiveCfg = Debug|Any CPU
		{734EB4A8-E336-4EC5-9D90-B7104184A6C5}.Debug|Any CPU.Build.0 = Debug|Any CPU
		{734EB4A8-E336-4EC5-9D90-B7104184A6C5}.Release|Any CPU.ActiveCfg = Release|Any CPU
		{734EB4A8-E336-4EC5-9D90-B7104184A6C5}.Release|Any CPU.Build.0 = Release|Any CPU
		{A3803FBF-95D1-4594-954E-3A0551387179}.Debug|Any CPU.ActiveCfg = Debug|Any CPU
		{A3803FBF-95D1-4594-954E-3A0551387179}.Debug|Any CPU.Build.0 = Debug|Any CPU
		{A3803FBF-95D1-4594-954E-3A0551387179}.Release|Any CPU.ActiveCfg = Release|Any CPU
		{A3803FBF-95D1-4594-954E-3A0551387179}.Release|Any CPU.Build.0 = Release|Any CPU
	EndGlobalSection
	GlobalSection(SolutionProperties) = preSolution
		HideSolutionNode = FALSE
	EndGlobalSection
	GlobalSection(ExtensibilityGlobals) = postSolution
		SolutionGuid = {3C3F7D6C-77DA-40AC-B383-C39CEEFBA67E}
	EndGlobalSection
EndGlobal
